// !$*UTF8*$!
{
	archiveVersion = 1;
	classes = {
	};
	objectVersion = 55;
	objects = {

/* Begin PBXBuildFile section */
		A19F03062833445A00B16211 /* SearchZipcodeTests.swift in Sources */ = {isa = PBXBuildFile; fileRef = A19F03052833445A00B16211 /* SearchZipcodeTests.swift */; };
		A1B3CB30282FF94200C3D3AE /* SearchZipcodeApp.swift in Sources */ = {isa = PBXBuildFile; fileRef = A1B3CB2F282FF94200C3D3AE /* SearchZipcodeApp.swift */; };
		A1B3CB32282FF94200C3D3AE /* ContentView.swift in Sources */ = {isa = PBXBuildFile; fileRef = A1B3CB31282FF94200C3D3AE /* ContentView.swift */; };
		A1B3CB34282FF94400C3D3AE /* Assets.xcassets in Resources */ = {isa = PBXBuildFile; fileRef = A1B3CB33282FF94400C3D3AE /* Assets.xcassets */; };
		A1B3CB37282FF94400C3D3AE /* Preview Assets.xcassets in Resources */ = {isa = PBXBuildFile; fileRef = A1B3CB36282FF94400C3D3AE /* Preview Assets.xcassets */; };
		A1B3CB3E282FF95300C3D3AE /* Zipcode.swift in Sources */ = {isa = PBXBuildFile; fileRef = A1B3CB3D282FF95300C3D3AE /* Zipcode.swift */; };
		A1B3CB40282FFB7000C3D3AE /* ZipcodeService.swift in Sources */ = {isa = PBXBuildFile; fileRef = A1B3CB3F282FFB7000C3D3AE /* ZipcodeService.swift */; };
		A1B3CB42282FFC1800C3D3AE /* ZipcodeViewModel.swift in Sources */ = {isa = PBXBuildFile; fileRef = A1B3CB41282FFC1800C3D3AE /* ZipcodeViewModel.swift */; };
		A1B3CB442830153700C3D3AE /* APIManager.swift in Sources */ = {isa = PBXBuildFile; fileRef = A1B3CB432830153700C3D3AE /* APIManager.swift */; };
		A1B3CB462830B04F00C3D3AE /* HeaderView.swift in Sources */ = {isa = PBXBuildFile; fileRef = A1B3CB452830B04F00C3D3AE /* HeaderView.swift */; };
		A1B3CB482830B2A400C3D3AE /* ResultView.swift in Sources */ = {isa = PBXBuildFile; fileRef = A1B3CB472830B2A400C3D3AE /* ResultView.swift */; };
/* End PBXBuildFile section */

/* Begin PBXContainerItemProxy section */
		A19F03072833445A00B16211 /* PBXContainerItemProxy */ = {
			isa = PBXContainerItemProxy;
			containerPortal = A1B3CB24282FF94200C3D3AE /* Project object */;
			proxyType = 1;
			remoteGlobalIDString = A1B3CB2B282FF94200C3D3AE;
			remoteInfo = SearchZipcode;
		};
/* End PBXContainerItemProxy section */

/* Begin PBXFileReference section */
		A19F03032833445A00B16211 /* SearchZipcodeTests.xctest */ = {isa = PBXFileReference; explicitFileType = wrapper.cfbundle; includeInIndex = 0; path = SearchZipcodeTests.xctest; sourceTree = BUILT_PRODUCTS_DIR; };
		A19F03052833445A00B16211 /* SearchZipcodeTests.swift */ = {isa = PBXFileReference; lastKnownFileType = sourcecode.swift; path = SearchZipcodeTests.swift; sourceTree = "<group>"; };
		A1B3CB2C282FF94200C3D3AE /* SearchZipcode.app */ = {isa = PBXFileReference; explicitFileType = wrapper.application; includeInIndex = 0; path = SearchZipcode.app; sourceTree = BUILT_PRODUCTS_DIR; };
		A1B3CB2F282FF94200C3D3AE /* SearchZipcodeApp.swift */ = {isa = PBXFileReference; lastKnownFileType = sourcecode.swift; path = SearchZipcodeApp.swift; sourceTree = "<group>"; };
		A1B3CB31282FF94200C3D3AE /* ContentView.swift */ = {isa = PBXFileReference; lastKnownFileType = sourcecode.swift; path = ContentView.swift; sourceTree = "<group>"; };
		A1B3CB33282FF94400C3D3AE /* Assets.xcassets */ = {isa = PBXFileReference; lastKnownFileType = folder.assetcatalog; path = Assets.xcassets; sourceTree = "<group>"; };
		A1B3CB36282FF94400C3D3AE /* Preview Assets.xcassets */ = {isa = PBXFileReference; lastKnownFileType = folder.assetcatalog; path = "Preview Assets.xcassets"; sourceTree = "<group>"; };
		A1B3CB3D282FF95300C3D3AE /* Zipcode.swift */ = {isa = PBXFileReference; lastKnownFileType = sourcecode.swift; path = Zipcode.swift; sourceTree = "<group>"; };
		A1B3CB3F282FFB7000C3D3AE /* ZipcodeService.swift */ = {isa = PBXFileReference; lastKnownFileType = sourcecode.swift; path = ZipcodeService.swift; sourceTree = "<group>"; };
		A1B3CB41282FFC1800C3D3AE /* ZipcodeViewModel.swift */ = {isa = PBXFileReference; lastKnownFileType = sourcecode.swift; path = ZipcodeViewModel.swift; sourceTree = "<group>"; };
		A1B3CB432830153700C3D3AE /* APIManager.swift */ = {isa = PBXFileReference; lastKnownFileType = sourcecode.swift; path = APIManager.swift; sourceTree = "<group>"; };
		A1B3CB452830B04F00C3D3AE /* HeaderView.swift */ = {isa = PBXFileReference; lastKnownFileType = sourcecode.swift; path = HeaderView.swift; sourceTree = "<group>"; };
		A1B3CB472830B2A400C3D3AE /* ResultView.swift */ = {isa = PBXFileReference; lastKnownFileType = sourcecode.swift; path = ResultView.swift; sourceTree = "<group>"; };
/* End PBXFileReference section */

/* Begin PBXFrameworksBuildPhase section */
		A19F03002833445A00B16211 /* Frameworks */ = {
			isa = PBXFrameworksBuildPhase;
			buildActionMask = 2147483647;
			files = (
			);
			runOnlyForDeploymentPostprocessing = 0;
		};
		A1B3CB29282FF94200C3D3AE /* Frameworks */ = {
			isa = PBXFrameworksBuildPhase;
			buildActionMask = 2147483647;
			files = (
			);
			runOnlyForDeploymentPostprocessing = 0;
		};
/* End PBXFrameworksBuildPhase section */

/* Begin PBXGroup section */
		A19F03042833445A00B16211 /* SearchZipcodeTests */ = {
			isa = PBXGroup;
			children = (
				A19F03052833445A00B16211 /* SearchZipcodeTests.swift */,
			);
			path = SearchZipcodeTests;
			sourceTree = "<group>";
		};
		A1B3CB23282FF94200C3D3AE = {
			isa = PBXGroup;
			children = (
				A1B3CB2E282FF94200C3D3AE /* SearchZipcode */,
				A19F03042833445A00B16211 /* SearchZipcodeTests */,
				A1B3CB2D282FF94200C3D3AE /* Products */,
			);
			sourceTree = "<group>";
		};
		A1B3CB2D282FF94200C3D3AE /* Products */ = {
			isa = PBXGroup;
			children = (
				A1B3CB2C282FF94200C3D3AE /* SearchZipcode.app */,
				A19F03032833445A00B16211 /* SearchZipcodeTests.xctest */,
			);
			name = Products;
			sourceTree = "<group>";
		};
		A1B3CB2E282FF94200C3D3AE /* SearchZipcode */ = {
			isa = PBXGroup;
			children = (
				A1B3CB2F282FF94200C3D3AE /* SearchZipcodeApp.swift */,
				A1B3CB31282FF94200C3D3AE /* ContentView.swift */,
				A1B3CB472830B2A400C3D3AE /* ResultView.swift */,
				A1B3CB452830B04F00C3D3AE /* HeaderView.swift */,
				A1B3CB3D282FF95300C3D3AE /* Zipcode.swift */,
				A1B3CB3F282FFB7000C3D3AE /* ZipcodeService.swift */,
				A1B3CB432830153700C3D3AE /* APIManager.swift */,
				A1B3CB41282FFC1800C3D3AE /* ZipcodeViewModel.swift */,
				A1B3CB33282FF94400C3D3AE /* Assets.xcassets */,
				A1B3CB35282FF94400C3D3AE /* Preview Content */,
			);
			path = SearchZipcode;
			sourceTree = "<group>";
		};
		A1B3CB35282FF94400C3D3AE /* Preview Content */ = {
			isa = PBXGroup;
			children = (
				A1B3CB36282FF94400C3D3AE /* Preview Assets.xcassets */,
			);
			path = "Preview Content";
			sourceTree = "<group>";
		};
/* End PBXGroup section */

/* Begin PBXNativeTarget section */
		A19F03022833445A00B16211 /* SearchZipcodeTests */ = {
			isa = PBXNativeTarget;
			buildConfigurationList = A19F030B2833445A00B16211 /* Build configuration list for PBXNativeTarget "SearchZipcodeTests" */;
			buildPhases = (
				A19F02FF2833445A00B16211 /* Sources */,
				A19F03002833445A00B16211 /* Frameworks */,
				A19F03012833445A00B16211 /* Resources */,
			);
			buildRules = (
			);
			dependencies = (
				A19F03082833445A00B16211 /* PBXTargetDependency */,
			);
			name = SearchZipcodeTests;
			productName = SearchZipcodeTests;
			productReference = A19F03032833445A00B16211 /* SearchZipcodeTests.xctest */;
			productType = "com.apple.product-type.bundle.unit-test";
		};
		A1B3CB2B282FF94200C3D3AE /* SearchZipcode */ = {
			isa = PBXNativeTarget;
			buildConfigurationList = A1B3CB3A282FF94400C3D3AE /* Build configuration list for PBXNativeTarget "SearchZipcode" */;
			buildPhases = (
				A1B3CB28282FF94200C3D3AE /* Sources */,
				A1B3CB29282FF94200C3D3AE /* Frameworks */,
				A1B3CB2A282FF94200C3D3AE /* Resources */,
			);
			buildRules = (
			);
			dependencies = (
			);
			name = SearchZipcode;
			productName = SearchZIipcode;
			productReference = A1B3CB2C282FF94200C3D3AE /* SearchZipcode.app */;
			productType = "com.apple.product-type.application";
		};
/* End PBXNativeTarget section */

/* Begin PBXProject section */
		A1B3CB24282FF94200C3D3AE /* Project object */ = {
			isa = PBXProject;
			attributes = {
				BuildIndependentTargetsInParallel = 1;
				LastSwiftUpdateCheck = 1330;
				LastUpgradeCheck = 1330;
				TargetAttributes = {
					A19F03022833445A00B16211 = {
						CreatedOnToolsVersion = 13.3.1;
						TestTargetID = A1B3CB2B282FF94200C3D3AE;
					};
					A1B3CB2B282FF94200C3D3AE = {
						CreatedOnToolsVersion = 13.3.1;
					};
				};
			};
			buildConfigurationList = A1B3CB27282FF94200C3D3AE /* Build configuration list for PBXProject "SearchZipcode" */;
			compatibilityVersion = "Xcode 13.0";
			developmentRegion = en;
			hasScannedForEncodings = 0;
			knownRegions = (
				en,
				Base,
			);
			mainGroup = A1B3CB23282FF94200C3D3AE;
			productRefGroup = A1B3CB2D282FF94200C3D3AE /* Products */;
			projectDirPath = "";
			projectRoot = "";
			targets = (
				A1B3CB2B282FF94200C3D3AE /* SearchZipcode */,
				A19F03022833445A00B16211 /* SearchZipcodeTests */,
			);
		};
/* End PBXProject section */

/* Begin PBXResourcesBuildPhase section */
		A19F03012833445A00B16211 /* Resources */ = {
			isa = PBXResourcesBuildPhase;
			buildActionMask = 2147483647;
			files = (
			);
			runOnlyForDeploymentPostprocessing = 0;
		};
		A1B3CB2A282FF94200C3D3AE /* Resources */ = {
			isa = PBXResourcesBuildPhase;
			buildActionMask = 2147483647;
			files = (
				A1B3CB37282FF94400C3D3AE /* Preview Assets.xcassets in Resources */,
				A1B3CB34282FF94400C3D3AE /* Assets.xcassets in Resources */,
			);
			runOnlyForDeploymentPostprocessing = 0;
		};
/* End PBXResourcesBuildPhase section */

/* Begin PBXSourcesBuildPhase section */
		A19F02FF2833445A00B16211 /* Sources */ = {
			isa = PBXSourcesBuildPhase;
			buildActionMask = 2147483647;
			files = (
				A19F03062833445A00B16211 /* SearchZipcodeTests.swift in Sources */,
			);
			runOnlyForDeploymentPostprocessing = 0;
		};
		A1B3CB28282FF94200C3D3AE /* Sources */ = {
			isa = PBXSourcesBuildPhase;
			buildActionMask = 2147483647;
			files = (
				A1B3CB442830153700C3D3AE /* APIManager.swift in Sources */,
				A1B3CB32282FF94200C3D3AE /* ContentView.swift in Sources */,
				A1B3CB42282FFC1800C3D3AE /* ZipcodeViewModel.swift in Sources */,
				A1B3CB3E282FF95300C3D3AE /* Zipcode.swift in Sources */,
				A1B3CB40282FFB7000C3D3AE /* ZipcodeService.swift in Sources */,
				A1B3CB482830B2A400C3D3AE /* ResultView.swift in Sources */,
				A1B3CB30282FF94200C3D3AE /* SearchZipcodeApp.swift in Sources */,
				A1B3CB462830B04F00C3D3AE /* HeaderView.swift in Sources */,
			);
			runOnlyForDeploymentPostprocessing = 0;
		};
/* End PBXSourcesBuildPhase section */

/* Begin PBXTargetDependency section */
		A19F03082833445A00B16211 /* PBXTargetDependency */ = {
			isa = PBXTargetDependency;
			target = A1B3CB2B282FF94200C3D3AE /* SearchZipcode */;
			targetProxy = A19F03072833445A00B16211 /* PBXContainerItemProxy */;
		};
/* End PBXTargetDependency section */

/* Begin XCBuildConfiguration section */
		A19F03092833445A00B16211 /* Debug */ = {
			isa = XCBuildConfiguration;
			buildSettings = {
				BUNDLE_LOADER = "$(TEST_HOST)";
				CODE_SIGN_STYLE = Automatic;
				CURRENT_PROJECT_VERSION = 1;
				DEVELOPMENT_TEAM = YUH8WT596Y;
				GENERATE_INFOPLIST_FILE = YES;
				MARKETING_VERSION = 1.0;
				PRODUCT_BUNDLE_IDENTIFIER = Sample.SearchZipcodeTests;
				PRODUCT_NAME = "$(TARGET_NAME)";
				SWIFT_EMIT_LOC_STRINGS = NO;
				SWIFT_VERSION = 5.0;
				TARGETED_DEVICE_FAMILY = "1,2";
				TEST_HOST = "$(BUILT_PRODUCTS_DIR)/SearchZipcode.app/SearchZipcode";
			};
			name = Debug;
		};
		A19F030A2833445A00B16211 /* Release */ = {
			isa = XCBuildConfiguration;
			buildSettings = {
				BUNDLE_LOADER = "$(TEST_HOST)";
				CODE_SIGN_STYLE = Automatic;
				CURRENT_PROJECT_VERSION = 1;
				DEVELOPMENT_TEAM = YUH8WT596Y;
				GENERATE_INFOPLIST_FILE = YES;
				MARKETING_VERSION = 1.0;
				PRODUCT_BUNDLE_IDENTIFIER = Sample.SearchZipcodeTests;
				PRODUCT_NAME = "$(TARGET_NAME)";
				SWIFT_EMIT_LOC_STRINGS = NO;
				SWIFT_VERSION = 5.0;
				TARGETED_DEVICE_FAMILY = "1,2";
				TEST_HOST = "$(BUILT_PRODUCTS_DIR)/SearchZipcode.app/SearchZipcode";
			};
			name = Release;
		};
		A1B3CB38282FF94400C3D3AE /* Debug */ = {
			isa = XCBuildConfiguration;
			buildSettings = {
				ALWAYS_SEARCH_USER_PATHS = NO;
				CLANG_ANALYZER_NONNULL = YES;
				CLANG_ANALYZER_NUMBER_OBJECT_CONVERSION = YES_AGGRESSIVE;
				CLANG_CXX_LANGUAGE_STANDARD = "gnu++17";
				CLANG_ENABLE_MODULES = YES;
				CLANG_ENABLE_OBJC_ARC = YES;
				CLANG_ENABLE_OBJC_WEAK = YES;
				CLANG_WARN_BLOCK_CAPTURE_AUTORELEASING = YES;
				CLANG_WARN_BOOL_CONVERSION = YES;
				CLANG_WARN_COMMA = YES;
				CLANG_WARN_CONSTANT_CONVERSION = YES;
				CLANG_WARN_DEPRECATED_OBJC_IMPLEMENTATIONS = YES;
				CLANG_WARN_DIRECT_OBJC_ISA_USAGE = YES_ERROR;
				CLANG_WARN_DOCUMENTATION_COMMENTS = YES;
				CLANG_WARN_EMPTY_BODY = YES;
				CLANG_WARN_ENUM_CONVERSION = YES;
				CLANG_WARN_INFINITE_RECURSION = YES;
				CLANG_WARN_INT_CONVERSION = YES;
				CLANG_WARN_NON_LITERAL_NULL_CONVERSION = YES;
				CLANG_WARN_OBJC_IMPLICIT_RETAIN_SELF = YES;
				CLANG_WARN_OBJC_LITERAL_CONVERSION = YES;
				CLANG_WARN_OBJC_ROOT_CLASS = YES_ERROR;
				CLANG_WARN_QUOTED_INCLUDE_IN_FRAMEWORK_HEADER = YES;
				CLANG_WARN_RANGE_LOOP_ANALYSIS = YES;
				CLANG_WARN_STRICT_PROTOTYPES = YES;
				CLANG_WARN_SUSPICIOUS_MOVE = YES;
				CLANG_WARN_UNGUARDED_AVAILABILITY = YES_AGGRESSIVE;
				CLANG_WARN_UNREACHABLE_CODE = YES;
				CLANG_WARN__DUPLICATE_METHOD_MATCH = YES;
				COPY_PHASE_STRIP = NO;
				DEBUG_INFORMATION_FORMAT = dwarf;
				ENABLE_STRICT_OBJC_MSGSEND = YES;
				ENABLE_TESTABILITY = YES;
				GCC_C_LANGUAGE_STANDARD = gnu11;
				GCC_DYNAMIC_NO_PIC = NO;
				GCC_NO_COMMON_BLOCKS = YES;
				GCC_OPTIMIZATION_LEVEL = 0;
				GCC_PREPROCESSOR_DEFINITIONS = (
					"DEBUG=1",
					"$(inherited)",
				);
				GCC_WARN_64_TO_32_BIT_CONVERSION = YES;
				GCC_WARN_ABOUT_RETURN_TYPE = YES_ERROR;
				GCC_WARN_UNDECLARED_SELECTOR = YES;
				GCC_WARN_UNINITIALIZED_AUTOS = YES_AGGRESSIVE;
				GCC_WARN_UNUSED_FUNCTION = YES;
				GCC_WARN_UNUSED_VARIABLE = YES;
				IPHONEOS_DEPLOYMENT_TARGET = 15.4;
				MTL_ENABLE_DEBUG_INFO = INCLUDE_SOURCE;
				MTL_FAST_MATH = YES;
				ONLY_ACTIVE_ARCH = YES;
				SDKROOT = iphoneos;
				SWIFT_ACTIVE_COMPILATION_CONDITIONS = DEBUG;
				SWIFT_OPTIMIZATION_LEVEL = "-Onone";
			};
			name = Debug;
		};
		A1B3CB39282FF94400C3D3AE /* Release */ = {
			isa = XCBuildConfiguration;
			buildSettings = {
				ALWAYS_SEARCH_USER_PATHS = NO;
				CLANG_ANALYZER_NONNULL = YES;
				CLANG_ANALYZER_NUMBER_OBJECT_CONVERSION = YES_AGGRESSIVE;
				CLANG_CXX_LANGUAGE_STANDARD = "gnu++17";
				CLANG_ENABLE_MODULES = YES;
				CLANG_ENABLE_OBJC_ARC = YES;
				CLANG_ENABLE_OBJC_WEAK = YES;
				CLANG_WARN_BLOCK_CAPTURE_AUTORELEASING = YES;
				CLANG_WARN_BOOL_CONVERSION = YES;
				CLANG_WARN_COMMA = YES;
				CLANG_WARN_CONSTANT_CONVERSION = YES;
				CLANG_WARN_DEPRECATED_OBJC_IMPLEMENTATIONS = YES;
				CLANG_WARN_DIRECT_OBJC_ISA_USAGE = YES_ERROR;
				CLANG_WARN_DOCUMENTATION_COMMENTS = YES;
				CLANG_WARN_EMPTY_BODY = YES;
				CLANG_WARN_ENUM_CONVERSION = YES;
				CLANG_WARN_INFINITE_RECURSION = YES;
				CLANG_WARN_INT_CONVERSION = YES;
				CLANG_WARN_NON_LITERAL_NULL_CONVERSION = YES;
				CLANG_WARN_OBJC_IMPLICIT_RETAIN_SELF = YES;
				CLANG_WARN_OBJC_LITERAL_CONVERSION = YES;
				CLANG_WARN_OBJC_ROOT_CLASS = YES_ERROR;
				CLANG_WARN_QUOTED_INCLUDE_IN_FRAMEWORK_HEADER = YES;
				CLANG_WARN_RANGE_LOOP_ANALYSIS = YES;
				CLANG_WARN_STRICT_PROTOTYPES = YES;
				CLANG_WARN_SUSPICIOUS_MOVE = YES;
				CLANG_WARN_UNGUARDED_AVAILABILITY = YES_AGGRESSIVE;
				CLANG_WARN_UNREACHABLE_CODE = YES;
				CLANG_WARN__DUPLICATE_METHOD_MATCH = YES;
				COPY_PHASE_STRIP = NO;
				DEBUG_INFORMATION_FORMAT = "dwarf-with-dsym";
				ENABLE_NS_ASSERTIONS = NO;
				ENABLE_STRICT_OBJC_MSGSEND = YES;
				GCC_C_LANGUAGE_STANDARD = gnu11;
				GCC_NO_COMMON_BLOCKS = YES;
				GCC_WARN_64_TO_32_BIT_CONVERSION = YES;
				GCC_WARN_ABOUT_RETURN_TYPE = YES_ERROR;
				GCC_WARN_UNDECLARED_SELECTOR = YES;
				GCC_WARN_UNINITIALIZED_AUTOS = YES_AGGRESSIVE;
				GCC_WARN_UNUSED_FUNCTION = YES;
				GCC_WARN_UNUSED_VARIABLE = YES;
				IPHONEOS_DEPLOYMENT_TARGET = 15.4;
				MTL_ENABLE_DEBUG_INFO = NO;
				MTL_FAST_MATH = YES;
				SDKROOT = iphoneos;
				SWIFT_COMPILATION_MODE = wholemodule;
				SWIFT_OPTIMIZATION_LEVEL = "-O";
				VALIDATE_PRODUCT = YES;
			};
			name = Release;
		};
		A1B3CB3B282FF94400C3D3AE /* Debug */ = {
			isa = XCBuildConfiguration;
			buildSettings = {
				ASSETCATALOG_COMPILER_APPICON_NAME = AppIcon;
				ASSETCATALOG_COMPILER_GLOBAL_ACCENT_COLOR_NAME = AccentColor;
				CODE_SIGN_STYLE = Automatic;
				CURRENT_PROJECT_VERSION = 3;
				DEVELOPMENT_ASSET_PATHS = "\"SearchZipcode/Preview Content\"";
				DEVELOPMENT_TEAM = YUH8WT596Y;
				ENABLE_PREVIEWS = YES;
				GENERATE_INFOPLIST_FILE = YES;
				INFOPLIST_KEY_UIApplicationSceneManifest_Generation = YES;
				INFOPLIST_KEY_UIApplicationSupportsIndirectInputEvents = YES;
				INFOPLIST_KEY_UILaunchScreen_Generation = YES;
				INFOPLIST_KEY_UISupportedInterfaceOrientations_iPad = "UIInterfaceOrientationPortrait UIInterfaceOrientationPortraitUpsideDown UIInterfaceOrientationLandscapeLeft UIInterfaceOrientationLandscapeRight";
				INFOPLIST_KEY_UISupportedInterfaceOrientations_iPhone = "UIInterfaceOrientationPortrait UIInterfaceOrientationLandscapeLeft UIInterfaceOrientationLandscapeRight";
				LD_RUNPATH_SEARCH_PATHS = (
					"$(inherited)",
					"@executable_path/Frameworks",
				);
				MARKETING_VERSION = 1.1.0;
				PRODUCT_BUNDLE_IDENTIFIER = Sample.SearchZipcode;
				PRODUCT_NAME = SearchZipcode;
				SWIFT_EMIT_LOC_STRINGS = YES;
				SWIFT_VERSION = 5.0;
				TARGETED_DEVICE_FAMILY = "1,2";
			};
			name = Debug;
		};
		A1B3CB3C282FF94400C3D3AE /* Release */ = {
			isa = XCBuildConfiguration;
			buildSettings = {
				ASSETCATALOG_COMPILER_APPICON_NAME = AppIcon;
				ASSETCATALOG_COMPILER_GLOBAL_ACCENT_COLOR_NAME = AccentColor;
				CODE_SIGN_STYLE = Automatic;
				CURRENT_PROJECT_VERSION = 3;
				DEVELOPMENT_ASSET_PATHS = "\"SearchZipcode/Preview Content\"";
				DEVELOPMENT_TEAM = YUH8WT596Y;
				ENABLE_PREVIEWS = YES;
				GENERATE_INFOPLIST_FILE = YES;
				INFOPLIST_KEY_UIApplicationSceneManifest_Generation = YES;
				INFOPLIST_KEY_UIApplicationSupportsIndirectInputEvents = YES;
				INFOPLIST_KEY_UILaunchScreen_Generation = YES;
				INFOPLIST_KEY_UISupportedInterfaceOrientations_iPad = "UIInterfaceOrientationPortrait UIInterfaceOrientationPortraitUpsideDown UIInterfaceOrientationLandscapeLeft UIInterfaceOrientationLandscapeRight";
				INFOPLIST_KEY_UISupportedInterfaceOrientations_iPhone = "UIInterfaceOrientationPortrait UIInterfaceOrientationLandscapeLeft UIInterfaceOrientationLandscapeRight";
				LD_RUNPATH_SEARCH_PATHS = (
					"$(inherited)",
					"@executable_path/Frameworks",
				);
				MARKETING_VERSION = 1.1.0;
				PRODUCT_BUNDLE_IDENTIFIER = Sample.SearchZipcode;
				PRODUCT_NAME = SearchZipcode;
				SWIFT_EMIT_LOC_STRINGS = YES;
				SWIFT_VERSION = 5.0;
				TARGETED_DEVICE_FAMILY = "1,2";
			};
			name = Release;
		};
/* End XCBuildConfiguration section */

/* Begin XCConfigurationList section */
		A19F030B2833445A00B16211 /* Build configuration list for PBXNativeTarget "SearchZipcodeTests" */ = {
			isa = XCConfigurationList;
			buildConfigurations = (
				A19F03092833445A00B16211 /* Debug */,
				A19F030A2833445A00B16211 /* Release */,
			);
			defaultConfigurationIsVisible = 0;
			defaultConfigurationName = Release;
		};
		A1B3CB27282FF94200C3D3AE /* Build configuration list for PBXProject "SearchZipcode" */ = {
			isa = XCConfigurationList;
			buildConfigurations = (
				A1B3CB38282FF94400C3D3AE /* Debug */,
				A1B3CB39282FF94400C3D3AE /* Release */,
			);
			defaultConfigurationIsVisible = 0;
			defaultConfigurationName = Release;
		};
		A1B3CB3A282FF94400C3D3AE /* Build configuration list for PBXNativeTarget "SearchZipcode" */ = {
			isa = XCConfigurationList;
			buildConfigurations = (
				A1B3CB3B282FF94400C3D3AE /* Debug */,
				A1B3CB3C282FF94400C3D3AE /* Release */,
			);
			defaultConfigurationIsVisible = 0;
			defaultConfigurationName = Release;
		};
/* End XCConfigurationList section */
	};
	rootObject = A1B3CB24282FF94200C3D3AE /* Project object */;
}
